
Microsoft Visual Studio Solution File, Format Version 12.00
# Visual Studio 15
VisualStudioVersion = 15.0.27004.2010
MinimumVisualStudioVersion = 10.0.40219.1
Project("{FAE04EC0-301F-11D3-BF4B-00C04F79EFBC}") = "DwarfCorpXNAContent", "DwarfCorp\DwarfCorpContent\DwarfCorpXNAContent.contentproj", "{D48F9E36-1F42-4633-B745-8C659D9550D4}"
EndProject
Project("{2150E333-8FDC-42A3-9474-1A3956D46DE8}") = "Solution Items", "Solution Items", "{81748F63-5EA8-4CF7-B9DA-C47CE33D8620}"
	ProjectSection(SolutionItems) = preProject
		Performance1.psess = Performance1.psess
	EndProjectSection
EndProject
Project("{FAE04EC0-301F-11D3-BF4B-00C04F79EFBC}") = "DwarfCorpXNA", "DwarfCorp\DwarfCorpXNA\DwarfCorpXNA.csproj", "{99D7D745-BBE2-458E-8108-8D2E5A8835F3}"
EndProject
Project("{FAE04EC0-301F-11D3-BF4B-00C04F79EFBC}") = "LibNoise", "DwarfCorp\LibNoise\LibNoise.csproj", "{031C8CFF-F147-44EA-B7E5-0A5644808A7E}"
EndProject
Project("{FAE04EC0-301F-11D3-BF4B-00C04F79EFBC}") = "ABTest", "ABTest\ABTest.csproj", "{6ACEB053-125E-4C17-9515-16B2776274F7}"
EndProject
Project("{FAE04EC0-301F-11D3-BF4B-00C04F79EFBC}") = "ManaLampMod", "BehaviorModTest\ManaLampMod.csproj", "{4ABBE531-752D-4CD7-8BFA-8ED5C46D0C9B}"
EndProject
Project("{8BC9CEB8-8B4A-11D0-8D11-00A0C91BC942}") = "SparseVoxelTreePerformanceTest", "SparseVoxelTreePerformanceTest\SparseVoxelTreePerformanceTest.vcxproj", "{C9482E9D-F916-4CFF-B22F-A706F5CDF393}"
EndProject
Global
	GlobalSection(SolutionConfigurationPlatforms) = preSolution
		Android|Any CPU = Android|Any CPU
		Android|Mixed Platforms = Android|Mixed Platforms
		Android|x64 = Android|x64
		Android|x86 = Android|x86
		Debug|Any CPU = Debug|Any CPU
		Debug|Mixed Platforms = Debug|Mixed Platforms
		Debug|x64 = Debug|x64
		Debug|x86 = Debug|x86
		Demo|Any CPU = Demo|Any CPU
		Demo|Mixed Platforms = Demo|Mixed Platforms
		Demo|x64 = Demo|x64
		Demo|x86 = Demo|x86
		iOS|Any CPU = iOS|Any CPU
		iOS|Mixed Platforms = iOS|Mixed Platforms
		iOS|x64 = iOS|x64
		iOS|x86 = iOS|x86
		Linux|Any CPU = Linux|Any CPU
		Linux|Mixed Platforms = Linux|Mixed Platforms
		Linux|x64 = Linux|x64
		Linux|x86 = Linux|x86
		OSX|Any CPU = OSX|Any CPU
		OSX|Mixed Platforms = OSX|Mixed Platforms
		OSX|x64 = OSX|x64
		OSX|x86 = OSX|x86
		PSM|Any CPU = PSM|Any CPU
		PSM|Mixed Platforms = PSM|Mixed Platforms
		PSM|x64 = PSM|x64
		PSM|x86 = PSM|x86
		Release|Any CPU = Release|Any CPU
		Release|Mixed Platforms = Release|Mixed Platforms
		Release|x64 = Release|x64
		Release|x86 = Release|x86
		Windows|Any CPU = Windows|Any CPU
		Windows|Mixed Platforms = Windows|Mixed Platforms
		Windows|x64 = Windows|x64
		Windows|x86 = Windows|x86
		Windows8|Any CPU = Windows8|Any CPU
		Windows8|Mixed Platforms = Windows8|Mixed Platforms
		Windows8|x64 = Windows8|x64
		Windows8|x86 = Windows8|x86
	EndGlobalSection
	GlobalSection(ProjectConfigurationPlatforms) = postSolution
		{D48F9E36-1F42-4633-B745-8C659D9550D4}.Android|Any CPU.ActiveCfg = Release|x86
		{D48F9E36-1F42-4633-B745-8C659D9550D4}.Android|Mixed Platforms.ActiveCfg = Release|x86
		{D48F9E36-1F42-4633-B745-8C659D9550D4}.Android|x64.ActiveCfg = Debug|x86
		{D48F9E36-1F42-4633-B745-8C659D9550D4}.Android|x86.ActiveCfg = Release|x86
		{D48F9E36-1F42-4633-B745-8C659D9550D4}.Debug|Any CPU.ActiveCfg = Debug|x86
		{D48F9E36-1F42-4633-B745-8C659D9550D4}.Debug|Mixed Platforms.ActiveCfg = Debug|x86
		{D48F9E36-1F42-4633-B745-8C659D9550D4}.Debug|x64.ActiveCfg = Debug|x86
		{D48F9E36-1F42-4633-B745-8C659D9550D4}.Debug|x86.ActiveCfg = Debug|x86
		{D48F9E36-1F42-4633-B745-8C659D9550D4}.Demo|Any CPU.ActiveCfg = Debug|x86
		{D48F9E36-1F42-4633-B745-8C659D9550D4}.Demo|Mixed Platforms.ActiveCfg = Debug|x86
		{D48F9E36-1F42-4633-B745-8C659D9550D4}.Demo|x64.ActiveCfg = Debug|x86
		{D48F9E36-1F42-4633-B745-8C659D9550D4}.Demo|x86.ActiveCfg = Debug|x86
		{D48F9E36-1F42-4633-B745-8C659D9550D4}.iOS|Any CPU.ActiveCfg = Release|x86
		{D48F9E36-1F42-4633-B745-8C659D9550D4}.iOS|Mixed Platforms.ActiveCfg = Release|x86
		{D48F9E36-1F42-4633-B745-8C659D9550D4}.iOS|x64.ActiveCfg = Debug|x86
		{D48F9E36-1F42-4633-B745-8C659D9550D4}.iOS|x86.ActiveCfg = Release|x86
		{D48F9E36-1F42-4633-B745-8C659D9550D4}.Linux|Any CPU.ActiveCfg = Release|x86
		{D48F9E36-1F42-4633-B745-8C659D9550D4}.Linux|Mixed Platforms.ActiveCfg = Release|x86
		{D48F9E36-1F42-4633-B745-8C659D9550D4}.Linux|x64.ActiveCfg = Debug|x86
		{D48F9E36-1F42-4633-B745-8C659D9550D4}.Linux|x86.ActiveCfg = Release|x86
		{D48F9E36-1F42-4633-B745-8C659D9550D4}.OSX|Any CPU.ActiveCfg = Release|x86
		{D48F9E36-1F42-4633-B745-8C659D9550D4}.OSX|Mixed Platforms.ActiveCfg = Release|x86
		{D48F9E36-1F42-4633-B745-8C659D9550D4}.OSX|x64.ActiveCfg = Debug|x86
		{D48F9E36-1F42-4633-B745-8C659D9550D4}.OSX|x86.ActiveCfg = Release|x86
		{D48F9E36-1F42-4633-B745-8C659D9550D4}.PSM|Any CPU.ActiveCfg = Release|x86
		{D48F9E36-1F42-4633-B745-8C659D9550D4}.PSM|Mixed Platforms.ActiveCfg = Release|x86
		{D48F9E36-1F42-4633-B745-8C659D9550D4}.PSM|x64.ActiveCfg = Debug|x86
		{D48F9E36-1F42-4633-B745-8C659D9550D4}.PSM|x86.ActiveCfg = Release|x86
		{D48F9E36-1F42-4633-B745-8C659D9550D4}.Release|Any CPU.ActiveCfg = Release|x86
		{D48F9E36-1F42-4633-B745-8C659D9550D4}.Release|Mixed Platforms.ActiveCfg = Release|x86
		{D48F9E36-1F42-4633-B745-8C659D9550D4}.Release|x64.ActiveCfg = Release|x86
		{D48F9E36-1F42-4633-B745-8C659D9550D4}.Release|x86.ActiveCfg = Release|x86
		{D48F9E36-1F42-4633-B745-8C659D9550D4}.Windows|Any CPU.ActiveCfg = Release|x86
		{D48F9E36-1F42-4633-B745-8C659D9550D4}.Windows|Mixed Platforms.ActiveCfg = Release|x86
		{D48F9E36-1F42-4633-B745-8C659D9550D4}.Windows|x64.ActiveCfg = Debug|x86
		{D48F9E36-1F42-4633-B745-8C659D9550D4}.Windows|x86.ActiveCfg = Release|x86
		{D48F9E36-1F42-4633-B745-8C659D9550D4}.Windows8|Any CPU.ActiveCfg = Release|x86
		{D48F9E36-1F42-4633-B745-8C659D9550D4}.Windows8|Mixed Platforms.ActiveCfg = Release|x86
		{D48F9E36-1F42-4633-B745-8C659D9550D4}.Windows8|x64.ActiveCfg = Debug|x86
		{D48F9E36-1F42-4633-B745-8C659D9550D4}.Windows8|x86.ActiveCfg = Release|x86
		{99D7D745-BBE2-458E-8108-8D2E5A8835F3}.Android|Any CPU.ActiveCfg = Release|x86
		{99D7D745-BBE2-458E-8108-8D2E5A8835F3}.Android|Mixed Platforms.ActiveCfg = Release|x86
		{99D7D745-BBE2-458E-8108-8D2E5A8835F3}.Android|Mixed Platforms.Build.0 = Release|x86
		{99D7D745-BBE2-458E-8108-8D2E5A8835F3}.Android|x64.ActiveCfg = Debug|x86
		{99D7D745-BBE2-458E-8108-8D2E5A8835F3}.Android|x86.ActiveCfg = Release|x86
		{99D7D745-BBE2-458E-8108-8D2E5A8835F3}.Android|x86.Build.0 = Release|x86
		{99D7D745-BBE2-458E-8108-8D2E5A8835F3}.Debug|Any CPU.ActiveCfg = Debug|x86
		{99D7D745-BBE2-458E-8108-8D2E5A8835F3}.Debug|Mixed Platforms.ActiveCfg = Debug|x86
		{99D7D745-BBE2-458E-8108-8D2E5A8835F3}.Debug|Mixed Platforms.Build.0 = Debug|x86
		{99D7D745-BBE2-458E-8108-8D2E5A8835F3}.Debug|x64.ActiveCfg = Debug|x86
		{99D7D745-BBE2-458E-8108-8D2E5A8835F3}.Debug|x86.ActiveCfg = Debug|x86
		{99D7D745-BBE2-458E-8108-8D2E5A8835F3}.Debug|x86.Build.0 = Debug|x86
		{99D7D745-BBE2-458E-8108-8D2E5A8835F3}.Demo|Any CPU.ActiveCfg = Demo|x86
		{99D7D745-BBE2-458E-8108-8D2E5A8835F3}.Demo|Mixed Platforms.ActiveCfg = Demo|x86
		{99D7D745-BBE2-458E-8108-8D2E5A8835F3}.Demo|Mixed Platforms.Build.0 = Demo|x86
		{99D7D745-BBE2-458E-8108-8D2E5A8835F3}.Demo|x64.ActiveCfg = Demo|x86
		{99D7D745-BBE2-458E-8108-8D2E5A8835F3}.Demo|x86.ActiveCfg = Demo|x86
		{99D7D745-BBE2-458E-8108-8D2E5A8835F3}.Demo|x86.Build.0 = Demo|x86
		{99D7D745-BBE2-458E-8108-8D2E5A8835F3}.iOS|Any CPU.ActiveCfg = Release|x86
		{99D7D745-BBE2-458E-8108-8D2E5A8835F3}.iOS|Mixed Platforms.ActiveCfg = Release|x86
		{99D7D745-BBE2-458E-8108-8D2E5A8835F3}.iOS|Mixed Platforms.Build.0 = Release|x86
		{99D7D745-BBE2-458E-8108-8D2E5A8835F3}.iOS|x64.ActiveCfg = Debug|x86
		{99D7D745-BBE2-458E-8108-8D2E5A8835F3}.iOS|x86.ActiveCfg = Release|x86
		{99D7D745-BBE2-458E-8108-8D2E5A8835F3}.iOS|x86.Build.0 = Release|x86
		{99D7D745-BBE2-458E-8108-8D2E5A8835F3}.Linux|Any CPU.ActiveCfg = Release|x86
		{99D7D745-BBE2-458E-8108-8D2E5A8835F3}.Linux|Mixed Platforms.ActiveCfg = Release|x86
		{99D7D745-BBE2-458E-8108-8D2E5A8835F3}.Linux|Mixed Platforms.Build.0 = Release|x86
		{99D7D745-BBE2-458E-8108-8D2E5A8835F3}.Linux|x64.ActiveCfg = Debug|x86
		{99D7D745-BBE2-458E-8108-8D2E5A8835F3}.Linux|x86.ActiveCfg = Release|x86
		{99D7D745-BBE2-458E-8108-8D2E5A8835F3}.Linux|x86.Build.0 = Release|x86
		{99D7D745-BBE2-458E-8108-8D2E5A8835F3}.OSX|Any CPU.ActiveCfg = Release|x86
		{99D7D745-BBE2-458E-8108-8D2E5A8835F3}.OSX|Mixed Platforms.ActiveCfg = Release|x86
		{99D7D745-BBE2-458E-8108-8D2E5A8835F3}.OSX|Mixed Platforms.Build.0 = Release|x86
		{99D7D745-BBE2-458E-8108-8D2E5A8835F3}.OSX|x64.ActiveCfg = Debug|x86
		{99D7D745-BBE2-458E-8108-8D2E5A8835F3}.OSX|x86.ActiveCfg = Release|x86
		{99D7D745-BBE2-458E-8108-8D2E5A8835F3}.OSX|x86.Build.0 = Release|x86
		{99D7D745-BBE2-458E-8108-8D2E5A8835F3}.PSM|Any CPU.ActiveCfg = Release|x86
		{99D7D745-BBE2-458E-8108-8D2E5A8835F3}.PSM|Mixed Platforms.ActiveCfg = Release|x86
		{99D7D745-BBE2-458E-8108-8D2E5A8835F3}.PSM|Mixed Platforms.Build.0 = Release|x86
		{99D7D745-BBE2-458E-8108-8D2E5A8835F3}.PSM|x64.ActiveCfg = Debug|x86
		{99D7D745-BBE2-458E-8108-8D2E5A8835F3}.PSM|x86.ActiveCfg = Release|x86
		{99D7D745-BBE2-458E-8108-8D2E5A8835F3}.PSM|x86.Build.0 = Release|x86
		{99D7D745-BBE2-458E-8108-8D2E5A8835F3}.Release|Any CPU.ActiveCfg = Release|x86
		{99D7D745-BBE2-458E-8108-8D2E5A8835F3}.Release|Mixed Platforms.ActiveCfg = Release|x86
		{99D7D745-BBE2-458E-8108-8D2E5A8835F3}.Release|Mixed Platforms.Build.0 = Release|x86
		{99D7D745-BBE2-458E-8108-8D2E5A8835F3}.Release|x64.ActiveCfg = Release|x86
		{99D7D745-BBE2-458E-8108-8D2E5A8835F3}.Release|x86.ActiveCfg = Release|x86
		{99D7D745-BBE2-458E-8108-8D2E5A8835F3}.Release|x86.Build.0 = Release|x86
		{99D7D745-BBE2-458E-8108-8D2E5A8835F3}.Windows|Any CPU.ActiveCfg = Release|x86
		{99D7D745-BBE2-458E-8108-8D2E5A8835F3}.Windows|Mixed Platforms.ActiveCfg = Release|x86
		{99D7D745-BBE2-458E-8108-8D2E5A8835F3}.Windows|Mixed Platforms.Build.0 = Release|x86
		{99D7D745-BBE2-458E-8108-8D2E5A8835F3}.Windows|x64.ActiveCfg = Debug|x86
		{99D7D745-BBE2-458E-8108-8D2E5A8835F3}.Windows|x86.ActiveCfg = Release|x86
		{99D7D745-BBE2-458E-8108-8D2E5A8835F3}.Windows|x86.Build.0 = Release|x86
		{99D7D745-BBE2-458E-8108-8D2E5A8835F3}.Windows8|Any CPU.ActiveCfg = Release|x86
		{99D7D745-BBE2-458E-8108-8D2E5A8835F3}.Windows8|Mixed Platforms.ActiveCfg = Release|x86
		{99D7D745-BBE2-458E-8108-8D2E5A8835F3}.Windows8|Mixed Platforms.Build.0 = Release|x86
		{99D7D745-BBE2-458E-8108-8D2E5A8835F3}.Windows8|x64.ActiveCfg = Debug|x86
		{99D7D745-BBE2-458E-8108-8D2E5A8835F3}.Windows8|x86.ActiveCfg = Release|x86
		{99D7D745-BBE2-458E-8108-8D2E5A8835F3}.Windows8|x86.Build.0 = Release|x86
		{031C8CFF-F147-44EA-B7E5-0A5644808A7E}.Android|Any CPU.ActiveCfg = Release|Any CPU
		{031C8CFF-F147-44EA-B7E5-0A5644808A7E}.Android|Any CPU.Build.0 = Release|Any CPU
		{031C8CFF-F147-44EA-B7E5-0A5644808A7E}.Android|Mixed Platforms.ActiveCfg = Release|Any CPU
		{031C8CFF-F147-44EA-B7E5-0A5644808A7E}.Android|Mixed Platforms.Build.0 = Release|Any CPU
		{031C8CFF-F147-44EA-B7E5-0A5644808A7E}.Android|x64.ActiveCfg = Debug|Any CPU
		{031C8CFF-F147-44EA-B7E5-0A5644808A7E}.Android|x86.ActiveCfg = Release|Any CPU
		{031C8CFF-F147-44EA-B7E5-0A5644808A7E}.Debug|Any CPU.ActiveCfg = Debug|Any CPU
		{031C8CFF-F147-44EA-B7E5-0A5644808A7E}.Debug|Any CPU.Build.0 = Debug|Any CPU
		{031C8CFF-F147-44EA-B7E5-0A5644808A7E}.Debug|Mixed Platforms.ActiveCfg = Debug|Any CPU
		{031C8CFF-F147-44EA-B7E5-0A5644808A7E}.Debug|Mixed Platforms.Build.0 = Debug|Any CPU
		{031C8CFF-F147-44EA-B7E5-0A5644808A7E}.Debug|x64.ActiveCfg = Debug|Any CPU
		{031C8CFF-F147-44EA-B7E5-0A5644808A7E}.Debug|x86.ActiveCfg = Debug|Any CPU
		{031C8CFF-F147-44EA-B7E5-0A5644808A7E}.Demo|Any CPU.ActiveCfg = Demo|Any CPU
		{031C8CFF-F147-44EA-B7E5-0A5644808A7E}.Demo|Mixed Platforms.ActiveCfg = Demo|Any CPU
		{031C8CFF-F147-44EA-B7E5-0A5644808A7E}.Demo|Mixed Platforms.Build.0 = Demo|Any CPU
		{031C8CFF-F147-44EA-B7E5-0A5644808A7E}.Demo|x64.ActiveCfg = Demo|Any CPU
		{031C8CFF-F147-44EA-B7E5-0A5644808A7E}.Demo|x64.Build.0 = Demo|Any CPU
		{031C8CFF-F147-44EA-B7E5-0A5644808A7E}.Demo|x86.ActiveCfg = Demo|Any CPU
		{031C8CFF-F147-44EA-B7E5-0A5644808A7E}.Demo|x86.Build.0 = Demo|Any CPU
		{031C8CFF-F147-44EA-B7E5-0A5644808A7E}.iOS|Any CPU.ActiveCfg = Release|Any CPU
		{031C8CFF-F147-44EA-B7E5-0A5644808A7E}.iOS|Any CPU.Build.0 = Release|Any CPU
		{031C8CFF-F147-44EA-B7E5-0A5644808A7E}.iOS|Mixed Platforms.ActiveCfg = Release|Any CPU
		{031C8CFF-F147-44EA-B7E5-0A5644808A7E}.iOS|Mixed Platforms.Build.0 = Release|Any CPU
		{031C8CFF-F147-44EA-B7E5-0A5644808A7E}.iOS|x64.ActiveCfg = Debug|Any CPU
		{031C8CFF-F147-44EA-B7E5-0A5644808A7E}.iOS|x86.ActiveCfg = Release|Any CPU
		{031C8CFF-F147-44EA-B7E5-0A5644808A7E}.Linux|Any CPU.ActiveCfg = Release|Any CPU
		{031C8CFF-F147-44EA-B7E5-0A5644808A7E}.Linux|Any CPU.Build.0 = Release|Any CPU
		{031C8CFF-F147-44EA-B7E5-0A5644808A7E}.Linux|Mixed Platforms.ActiveCfg = Release|Any CPU
		{031C8CFF-F147-44EA-B7E5-0A5644808A7E}.Linux|Mixed Platforms.Build.0 = Release|Any CPU
		{031C8CFF-F147-44EA-B7E5-0A5644808A7E}.Linux|x64.ActiveCfg = Debug|Any CPU
		{031C8CFF-F147-44EA-B7E5-0A5644808A7E}.Linux|x86.ActiveCfg = Release|Any CPU
		{031C8CFF-F147-44EA-B7E5-0A5644808A7E}.OSX|Any CPU.ActiveCfg = Release|Any CPU
		{031C8CFF-F147-44EA-B7E5-0A5644808A7E}.OSX|Any CPU.Build.0 = Release|Any CPU
		{031C8CFF-F147-44EA-B7E5-0A5644808A7E}.OSX|Mixed Platforms.ActiveCfg = Release|Any CPU
		{031C8CFF-F147-44EA-B7E5-0A5644808A7E}.OSX|Mixed Platforms.Build.0 = Release|Any CPU
		{031C8CFF-F147-44EA-B7E5-0A5644808A7E}.OSX|x64.ActiveCfg = Debug|Any CPU
		{031C8CFF-F147-44EA-B7E5-0A5644808A7E}.OSX|x86.ActiveCfg = Release|Any CPU
		{031C8CFF-F147-44EA-B7E5-0A5644808A7E}.PSM|Any CPU.ActiveCfg = Release|Any CPU
		{031C8CFF-F147-44EA-B7E5-0A5644808A7E}.PSM|Any CPU.Build.0 = Release|Any CPU
		{031C8CFF-F147-44EA-B7E5-0A5644808A7E}.PSM|Mixed Platforms.ActiveCfg = Release|Any CPU
		{031C8CFF-F147-44EA-B7E5-0A5644808A7E}.PSM|Mixed Platforms.Build.0 = Release|Any CPU
		{031C8CFF-F147-44EA-B7E5-0A5644808A7E}.PSM|x64.ActiveCfg = Debug|Any CPU
		{031C8CFF-F147-44EA-B7E5-0A5644808A7E}.PSM|x86.ActiveCfg = Release|Any CPU
		{031C8CFF-F147-44EA-B7E5-0A5644808A7E}.Release|Any CPU.ActiveCfg = Release|Any CPU
		{031C8CFF-F147-44EA-B7E5-0A5644808A7E}.Release|Any CPU.Build.0 = Release|Any CPU
		{031C8CFF-F147-44EA-B7E5-0A5644808A7E}.Release|Mixed Platforms.ActiveCfg = Release|Any CPU
		{031C8CFF-F147-44EA-B7E5-0A5644808A7E}.Release|Mixed Platforms.Build.0 = Release|Any CPU
		{031C8CFF-F147-44EA-B7E5-0A5644808A7E}.Release|x64.ActiveCfg = Release|Any CPU
		{031C8CFF-F147-44EA-B7E5-0A5644808A7E}.Release|x86.ActiveCfg = Release|Any CPU
		{031C8CFF-F147-44EA-B7E5-0A5644808A7E}.Windows|Any CPU.ActiveCfg = Release|Any CPU
		{031C8CFF-F147-44EA-B7E5-0A5644808A7E}.Windows|Any CPU.Build.0 = Release|Any CPU
		{031C8CFF-F147-44EA-B7E5-0A5644808A7E}.Windows|Mixed Platforms.ActiveCfg = Release|Any CPU
		{031C8CFF-F147-44EA-B7E5-0A5644808A7E}.Windows|Mixed Platforms.Build.0 = Release|Any CPU
		{031C8CFF-F147-44EA-B7E5-0A5644808A7E}.Windows|x64.ActiveCfg = Debug|Any CPU
		{031C8CFF-F147-44EA-B7E5-0A5644808A7E}.Windows|x86.ActiveCfg = Release|Any CPU
		{031C8CFF-F147-44EA-B7E5-0A5644808A7E}.Windows8|Any CPU.ActiveCfg = Release|Any CPU
		{031C8CFF-F147-44EA-B7E5-0A5644808A7E}.Windows8|Any CPU.Build.0 = Release|Any CPU
		{031C8CFF-F147-44EA-B7E5-0A5644808A7E}.Windows8|Mixed Platforms.ActiveCfg = Release|Any CPU
		{031C8CFF-F147-44EA-B7E5-0A5644808A7E}.Windows8|Mixed Platforms.Build.0 = Release|Any CPU
		{031C8CFF-F147-44EA-B7E5-0A5644808A7E}.Windows8|x64.ActiveCfg = Debug|Any CPU
		{031C8CFF-F147-44EA-B7E5-0A5644808A7E}.Windows8|x86.ActiveCfg = Release|Any CPU
		{6ACEB053-125E-4C17-9515-16B2776274F7}.Android|Any CPU.ActiveCfg = Release|Any CPU
		{6ACEB053-125E-4C17-9515-16B2776274F7}.Android|Any CPU.Build.0 = Release|Any CPU
		{6ACEB053-125E-4C17-9515-16B2776274F7}.Android|Mixed Platforms.ActiveCfg = Release|Any CPU
		{6ACEB053-125E-4C17-9515-16B2776274F7}.Android|Mixed Platforms.Build.0 = Release|Any CPU
		{6ACEB053-125E-4C17-9515-16B2776274F7}.Android|x64.ActiveCfg = Release|Any CPU
		{6ACEB053-125E-4C17-9515-16B2776274F7}.Android|x64.Build.0 = Release|Any CPU
		{6ACEB053-125E-4C17-9515-16B2776274F7}.Android|x86.ActiveCfg = Release|Any CPU
		{6ACEB053-125E-4C17-9515-16B2776274F7}.Android|x86.Build.0 = Release|Any CPU
		{6ACEB053-125E-4C17-9515-16B2776274F7}.Debug|Any CPU.ActiveCfg = Debug|Any CPU
		{6ACEB053-125E-4C17-9515-16B2776274F7}.Debug|Any CPU.Build.0 = Debug|Any CPU
		{6ACEB053-125E-4C17-9515-16B2776274F7}.Debug|Mixed Platforms.ActiveCfg = Debug|Any CPU
		{6ACEB053-125E-4C17-9515-16B2776274F7}.Debug|Mixed Platforms.Build.0 = Debug|Any CPU
		{6ACEB053-125E-4C17-9515-16B2776274F7}.Debug|x64.ActiveCfg = Debug|Any CPU
		{6ACEB053-125E-4C17-9515-16B2776274F7}.Debug|x64.Build.0 = Debug|Any CPU
		{6ACEB053-125E-4C17-9515-16B2776274F7}.Debug|x86.ActiveCfg = Debug|Any CPU
		{6ACEB053-125E-4C17-9515-16B2776274F7}.Debug|x86.Build.0 = Debug|Any CPU
		{6ACEB053-125E-4C17-9515-16B2776274F7}.Demo|Any CPU.ActiveCfg = Demo|Any CPU
		{6ACEB053-125E-4C17-9515-16B2776274F7}.Demo|Any CPU.Build.0 = Demo|Any CPU
		{6ACEB053-125E-4C17-9515-16B2776274F7}.Demo|Mixed Platforms.ActiveCfg = Demo|Any CPU
		{6ACEB053-125E-4C17-9515-16B2776274F7}.Demo|Mixed Platforms.Build.0 = Demo|Any CPU
		{6ACEB053-125E-4C17-9515-16B2776274F7}.Demo|x64.ActiveCfg = Demo|Any CPU
		{6ACEB053-125E-4C17-9515-16B2776274F7}.Demo|x64.Build.0 = Demo|Any CPU
		{6ACEB053-125E-4C17-9515-16B2776274F7}.Demo|x86.ActiveCfg = Demo|Any CPU
		{6ACEB053-125E-4C17-9515-16B2776274F7}.Demo|x86.Build.0 = Demo|Any CPU
		{6ACEB053-125E-4C17-9515-16B2776274F7}.iOS|Any CPU.ActiveCfg = Release|Any CPU
		{6ACEB053-125E-4C17-9515-16B2776274F7}.iOS|Any CPU.Build.0 = Release|Any CPU
		{6ACEB053-125E-4C17-9515-16B2776274F7}.iOS|Mixed Platforms.ActiveCfg = Release|Any CPU
		{6ACEB053-125E-4C17-9515-16B2776274F7}.iOS|Mixed Platforms.Build.0 = Release|Any CPU
		{6ACEB053-125E-4C17-9515-16B2776274F7}.iOS|x64.ActiveCfg = Release|Any CPU
		{6ACEB053-125E-4C17-9515-16B2776274F7}.iOS|x64.Build.0 = Release|Any CPU
		{6ACEB053-125E-4C17-9515-16B2776274F7}.iOS|x86.ActiveCfg = Release|Any CPU
		{6ACEB053-125E-4C17-9515-16B2776274F7}.iOS|x86.Build.0 = Release|Any CPU
		{6ACEB053-125E-4C17-9515-16B2776274F7}.Linux|Any CPU.ActiveCfg = Release|Any CPU
		{6ACEB053-125E-4C17-9515-16B2776274F7}.Linux|Any CPU.Build.0 = Release|Any CPU
		{6ACEB053-125E-4C17-9515-16B2776274F7}.Linux|Mixed Platforms.ActiveCfg = Release|Any CPU
		{6ACEB053-125E-4C17-9515-16B2776274F7}.Linux|Mixed Platforms.Build.0 = Release|Any CPU
		{6ACEB053-125E-4C17-9515-16B2776274F7}.Linux|x64.ActiveCfg = Release|Any CPU
		{6ACEB053-125E-4C17-9515-16B2776274F7}.Linux|x64.Build.0 = Release|Any CPU
		{6ACEB053-125E-4C17-9515-16B2776274F7}.Linux|x86.ActiveCfg = Release|Any CPU
		{6ACEB053-125E-4C17-9515-16B2776274F7}.Linux|x86.Build.0 = Release|Any CPU
		{6ACEB053-125E-4C17-9515-16B2776274F7}.OSX|Any CPU.ActiveCfg = Release|Any CPU
		{6ACEB053-125E-4C17-9515-16B2776274F7}.OSX|Any CPU.Build.0 = Release|Any CPU
		{6ACEB053-125E-4C17-9515-16B2776274F7}.OSX|Mixed Platforms.ActiveCfg = Release|Any CPU
		{6ACEB053-125E-4C17-9515-16B2776274F7}.OSX|Mixed Platforms.Build.0 = Release|Any CPU
		{6ACEB053-125E-4C17-9515-16B2776274F7}.OSX|x64.ActiveCfg = Release|Any CPU
		{6ACEB053-125E-4C17-9515-16B2776274F7}.OSX|x64.Build.0 = Release|Any CPU
		{6ACEB053-125E-4C17-9515-16B2776274F7}.OSX|x86.ActiveCfg = Release|Any CPU
		{6ACEB053-125E-4C17-9515-16B2776274F7}.OSX|x86.Build.0 = Release|Any CPU
		{6ACEB053-125E-4C17-9515-16B2776274F7}.PSM|Any CPU.ActiveCfg = Release|Any CPU
		{6ACEB053-125E-4C17-9515-16B2776274F7}.PSM|Any CPU.Build.0 = Release|Any CPU
		{6ACEB053-125E-4C17-9515-16B2776274F7}.PSM|Mixed Platforms.ActiveCfg = Release|Any CPU
		{6ACEB053-125E-4C17-9515-16B2776274F7}.PSM|Mixed Platforms.Build.0 = Release|Any CPU
		{6ACEB053-125E-4C17-9515-16B2776274F7}.PSM|x64.ActiveCfg = Release|Any CPU
		{6ACEB053-125E-4C17-9515-16B2776274F7}.PSM|x64.Build.0 = Release|Any CPU
		{6ACEB053-125E-4C17-9515-16B2776274F7}.PSM|x86.ActiveCfg = Release|Any CPU
		{6ACEB053-125E-4C17-9515-16B2776274F7}.PSM|x86.Build.0 = Release|Any CPU
		{6ACEB053-125E-4C17-9515-16B2776274F7}.Release|Any CPU.ActiveCfg = Release|Any CPU
		{6ACEB053-125E-4C17-9515-16B2776274F7}.Release|Any CPU.Build.0 = Release|Any CPU
		{6ACEB053-125E-4C17-9515-16B2776274F7}.Release|Mixed Platforms.ActiveCfg = Release|Any CPU
		{6ACEB053-125E-4C17-9515-16B2776274F7}.Release|Mixed Platforms.Build.0 = Release|Any CPU
		{6ACEB053-125E-4C17-9515-16B2776274F7}.Release|x64.ActiveCfg = Release|Any CPU
		{6ACEB053-125E-4C17-9515-16B2776274F7}.Release|x64.Build.0 = Release|Any CPU
		{6ACEB053-125E-4C17-9515-16B2776274F7}.Release|x86.ActiveCfg = Release|Any CPU
		{6ACEB053-125E-4C17-9515-16B2776274F7}.Release|x86.Build.0 = Release|Any CPU
		{6ACEB053-125E-4C17-9515-16B2776274F7}.Windows|Any CPU.ActiveCfg = Release|Any CPU
		{6ACEB053-125E-4C17-9515-16B2776274F7}.Windows|Any CPU.Build.0 = Release|Any CPU
		{6ACEB053-125E-4C17-9515-16B2776274F7}.Windows|Mixed Platforms.ActiveCfg = Release|Any CPU
		{6ACEB053-125E-4C17-9515-16B2776274F7}.Windows|Mixed Platforms.Build.0 = Release|Any CPU
		{6ACEB053-125E-4C17-9515-16B2776274F7}.Windows|x64.ActiveCfg = Release|Any CPU
		{6ACEB053-125E-4C17-9515-16B2776274F7}.Windows|x64.Build.0 = Release|Any CPU
		{6ACEB053-125E-4C17-9515-16B2776274F7}.Windows|x86.ActiveCfg = Release|Any CPU
		{6ACEB053-125E-4C17-9515-16B2776274F7}.Windows|x86.Build.0 = Release|Any CPU
		{6ACEB053-125E-4C17-9515-16B2776274F7}.Windows8|Any CPU.ActiveCfg = Release|Any CPU
		{6ACEB053-125E-4C17-9515-16B2776274F7}.Windows8|Any CPU.Build.0 = Release|Any CPU
		{6ACEB053-125E-4C17-9515-16B2776274F7}.Windows8|Mixed Platforms.ActiveCfg = Release|Any CPU
		{6ACEB053-125E-4C17-9515-16B2776274F7}.Windows8|Mixed Platforms.Build.0 = Release|Any CPU
		{6ACEB053-125E-4C17-9515-16B2776274F7}.Windows8|x64.ActiveCfg = Release|Any CPU
		{6ACEB053-125E-4C17-9515-16B2776274F7}.Windows8|x64.Build.0 = Release|Any CPU
		{6ACEB053-125E-4C17-9515-16B2776274F7}.Windows8|x86.ActiveCfg = Release|Any CPU
		{6ACEB053-125E-4C17-9515-16B2776274F7}.Windows8|x86.Build.0 = Release|Any CPU
		{4ABBE531-752D-4CD7-8BFA-8ED5C46D0C9B}.Android|Any CPU.ActiveCfg = Release|Any CPU
		{4ABBE531-752D-4CD7-8BFA-8ED5C46D0C9B}.Android|Any CPU.Build.0 = Release|Any CPU
		{4ABBE531-752D-4CD7-8BFA-8ED5C46D0C9B}.Android|Mixed Platforms.ActiveCfg = Release|Any CPU
		{4ABBE531-752D-4CD7-8BFA-8ED5C46D0C9B}.Android|Mixed Platforms.Build.0 = Release|Any CPU
		{4ABBE531-752D-4CD7-8BFA-8ED5C46D0C9B}.Android|x64.ActiveCfg = Release|Any CPU
		{4ABBE531-752D-4CD7-8BFA-8ED5C46D0C9B}.Android|x64.Build.0 = Release|Any CPU
		{4ABBE531-752D-4CD7-8BFA-8ED5C46D0C9B}.Android|x86.ActiveCfg = Release|Any CPU
		{4ABBE531-752D-4CD7-8BFA-8ED5C46D0C9B}.Android|x86.Build.0 = Release|Any CPU
		{4ABBE531-752D-4CD7-8BFA-8ED5C46D0C9B}.Debug|Any CPU.ActiveCfg = Debug|Any CPU
		{4ABBE531-752D-4CD7-8BFA-8ED5C46D0C9B}.Debug|Any CPU.Build.0 = Debug|Any CPU
		{4ABBE531-752D-4CD7-8BFA-8ED5C46D0C9B}.Debug|Mixed Platforms.ActiveCfg = Debug|Any CPU
		{4ABBE531-752D-4CD7-8BFA-8ED5C46D0C9B}.Debug|Mixed Platforms.Build.0 = Debug|Any CPU
		{4ABBE531-752D-4CD7-8BFA-8ED5C46D0C9B}.Debug|x64.ActiveCfg = Debug|Any CPU
		{4ABBE531-752D-4CD7-8BFA-8ED5C46D0C9B}.Debug|x64.Build.0 = Debug|Any CPU
		{4ABBE531-752D-4CD7-8BFA-8ED5C46D0C9B}.Debug|x86.ActiveCfg = Debug|Any CPU
		{4ABBE531-752D-4CD7-8BFA-8ED5C46D0C9B}.Debug|x86.Build.0 = Debug|Any CPU
		{4ABBE531-752D-4CD7-8BFA-8ED5C46D0C9B}.Demo|Any CPU.ActiveCfg = Debug|Any CPU
		{4ABBE531-752D-4CD7-8BFA-8ED5C46D0C9B}.Demo|Any CPU.Build.0 = Debug|Any CPU
		{4ABBE531-752D-4CD7-8BFA-8ED5C46D0C9B}.Demo|Mixed Platforms.ActiveCfg = Debug|Any CPU
		{4ABBE531-752D-4CD7-8BFA-8ED5C46D0C9B}.Demo|Mixed Platforms.Build.0 = Debug|Any CPU
		{4ABBE531-752D-4CD7-8BFA-8ED5C46D0C9B}.Demo|x64.ActiveCfg = Debug|Any CPU
		{4ABBE531-752D-4CD7-8BFA-8ED5C46D0C9B}.Demo|x64.Build.0 = Debug|Any CPU
		{4ABBE531-752D-4CD7-8BFA-8ED5C46D0C9B}.Demo|x86.ActiveCfg = Debug|Any CPU
		{4ABBE531-752D-4CD7-8BFA-8ED5C46D0C9B}.Demo|x86.Build.0 = Debug|Any CPU
		{4ABBE531-752D-4CD7-8BFA-8ED5C46D0C9B}.iOS|Any CPU.ActiveCfg = Release|Any CPU
		{4ABBE531-752D-4CD7-8BFA-8ED5C46D0C9B}.iOS|Any CPU.Build.0 = Release|Any CPU
		{4ABBE531-752D-4CD7-8BFA-8ED5C46D0C9B}.iOS|Mixed Platforms.ActiveCfg = Release|Any CPU
		{4ABBE531-752D-4CD7-8BFA-8ED5C46D0C9B}.iOS|Mixed Platforms.Build.0 = Release|Any CPU
		{4ABBE531-752D-4CD7-8BFA-8ED5C46D0C9B}.iOS|x64.ActiveCfg = Release|Any CPU
		{4ABBE531-752D-4CD7-8BFA-8ED5C46D0C9B}.iOS|x64.Build.0 = Release|Any CPU
		{4ABBE531-752D-4CD7-8BFA-8ED5C46D0C9B}.iOS|x86.ActiveCfg = Release|Any CPU
		{4ABBE531-752D-4CD7-8BFA-8ED5C46D0C9B}.iOS|x86.Build.0 = Release|Any CPU
		{4ABBE531-752D-4CD7-8BFA-8ED5C46D0C9B}.Linux|Any CPU.ActiveCfg = Release|Any CPU
		{4ABBE531-752D-4CD7-8BFA-8ED5C46D0C9B}.Linux|Any CPU.Build.0 = Release|Any CPU
		{4ABBE531-752D-4CD7-8BFA-8ED5C46D0C9B}.Linux|Mixed Platforms.ActiveCfg = Release|Any CPU
		{4ABBE531-752D-4CD7-8BFA-8ED5C46D0C9B}.Linux|Mixed Platforms.Build.0 = Release|Any CPU
		{4ABBE531-752D-4CD7-8BFA-8ED5C46D0C9B}.Linux|x64.ActiveCfg = Release|Any CPU
		{4ABBE531-752D-4CD7-8BFA-8ED5C46D0C9B}.Linux|x64.Build.0 = Release|Any CPU
		{4ABBE531-752D-4CD7-8BFA-8ED5C46D0C9B}.Linux|x86.ActiveCfg = Release|Any CPU
		{4ABBE531-752D-4CD7-8BFA-8ED5C46D0C9B}.Linux|x86.Build.0 = Release|Any CPU
		{4ABBE531-752D-4CD7-8BFA-8ED5C46D0C9B}.OSX|Any CPU.ActiveCfg = Release|Any CPU
		{4ABBE531-752D-4CD7-8BFA-8ED5C46D0C9B}.OSX|Any CPU.Build.0 = Release|Any CPU
		{4ABBE531-752D-4CD7-8BFA-8ED5C46D0C9B}.OSX|Mixed Platforms.ActiveCfg = Release|Any CPU
		{4ABBE531-752D-4CD7-8BFA-8ED5C46D0C9B}.OSX|Mixed Platforms.Build.0 = Release|Any CPU
		{4ABBE531-752D-4CD7-8BFA-8ED5C46D0C9B}.OSX|x64.ActiveCfg = Release|Any CPU
		{4ABBE531-752D-4CD7-8BFA-8ED5C46D0C9B}.OSX|x64.Build.0 = Release|Any CPU
		{4ABBE531-752D-4CD7-8BFA-8ED5C46D0C9B}.OSX|x86.ActiveCfg = Release|Any CPU
		{4ABBE531-752D-4CD7-8BFA-8ED5C46D0C9B}.OSX|x86.Build.0 = Release|Any CPU
		{4ABBE531-752D-4CD7-8BFA-8ED5C46D0C9B}.PSM|Any CPU.ActiveCfg = Release|Any CPU
		{4ABBE531-752D-4CD7-8BFA-8ED5C46D0C9B}.PSM|Any CPU.Build.0 = Release|Any CPU
		{4ABBE531-752D-4CD7-8BFA-8ED5C46D0C9B}.PSM|Mixed Platforms.ActiveCfg = Release|Any CPU
		{4ABBE531-752D-4CD7-8BFA-8ED5C46D0C9B}.PSM|Mixed Platforms.Build.0 = Release|Any CPU
		{4ABBE531-752D-4CD7-8BFA-8ED5C46D0C9B}.PSM|x64.ActiveCfg = Release|Any CPU
		{4ABBE531-752D-4CD7-8BFA-8ED5C46D0C9B}.PSM|x64.Build.0 = Release|Any CPU
		{4ABBE531-752D-4CD7-8BFA-8ED5C46D0C9B}.PSM|x86.ActiveCfg = Release|Any CPU
		{4ABBE531-752D-4CD7-8BFA-8ED5C46D0C9B}.PSM|x86.Build.0 = Release|Any CPU
		{4ABBE531-752D-4CD7-8BFA-8ED5C46D0C9B}.Release|Any CPU.ActiveCfg = Release|Any CPU
		{4ABBE531-752D-4CD7-8BFA-8ED5C46D0C9B}.Release|Any CPU.Build.0 = Release|Any CPU
		{4ABBE531-752D-4CD7-8BFA-8ED5C46D0C9B}.Release|Mixed Platforms.ActiveCfg = Release|Any CPU
		{4ABBE531-752D-4CD7-8BFA-8ED5C46D0C9B}.Release|Mixed Platforms.Build.0 = Release|Any CPU
		{4ABBE531-752D-4CD7-8BFA-8ED5C46D0C9B}.Release|x64.ActiveCfg = Release|Any CPU
		{4ABBE531-752D-4CD7-8BFA-8ED5C46D0C9B}.Release|x64.Build.0 = Release|Any CPU
		{4ABBE531-752D-4CD7-8BFA-8ED5C46D0C9B}.Release|x86.ActiveCfg = Release|Any CPU
		{4ABBE531-752D-4CD7-8BFA-8ED5C46D0C9B}.Release|x86.Build.0 = Release|Any CPU
		{4ABBE531-752D-4CD7-8BFA-8ED5C46D0C9B}.Windows|Any CPU.ActiveCfg = Release|Any CPU
		{4ABBE531-752D-4CD7-8BFA-8ED5C46D0C9B}.Windows|Any CPU.Build.0 = Release|Any CPU
		{4ABBE531-752D-4CD7-8BFA-8ED5C46D0C9B}.Windows|Mixed Platforms.ActiveCfg = Release|Any CPU
		{4ABBE531-752D-4CD7-8BFA-8ED5C46D0C9B}.Windows|Mixed Platforms.Build.0 = Release|Any CPU
		{4ABBE531-752D-4CD7-8BFA-8ED5C46D0C9B}.Windows|x64.ActiveCfg = Release|Any CPU
		{4ABBE531-752D-4CD7-8BFA-8ED5C46D0C9B}.Windows|x64.Build.0 = Release|Any CPU
		{4ABBE531-752D-4CD7-8BFA-8ED5C46D0C9B}.Windows|x86.ActiveCfg = Release|Any CPU
		{4ABBE531-752D-4CD7-8BFA-8ED5C46D0C9B}.Windows|x86.Build.0 = Release|Any CPU
		{4ABBE531-752D-4CD7-8BFA-8ED5C46D0C9B}.Windows8|Any CPU.ActiveCfg = Release|Any CPU
		{4ABBE531-752D-4CD7-8BFA-8ED5C46D0C9B}.Windows8|Any CPU.Build.0 = Release|Any CPU
		{4ABBE531-752D-4CD7-8BFA-8ED5C46D0C9B}.Windows8|Mixed Platforms.ActiveCfg = Release|Any CPU
		{4ABBE531-752D-4CD7-8BFA-8ED5C46D0C9B}.Windows8|Mixed Platforms.Build.0 = Release|Any CPU
		{4ABBE531-752D-4CD7-8BFA-8ED5C46D0C9B}.Windows8|x64.ActiveCfg = Release|Any CPU
		{4ABBE531-752D-4CD7-8BFA-8ED5C46D0C9B}.Windows8|x64.Build.0 = Release|Any CPU
		{4ABBE531-752D-4CD7-8BFA-8ED5C46D0C9B}.Windows8|x86.ActiveCfg = Release|Any CPU
		{4ABBE531-752D-4CD7-8BFA-8ED5C46D0C9B}.Windows8|x86.Build.0 = Release|Any CPU
		{C9482E9D-F916-4CFF-B22F-A706F5CDF393}.Android|Any CPU.ActiveCfg = Release|x64
		{C9482E9D-F916-4CFF-B22F-A706F5CDF393}.Android|Any CPU.Build.0 = Release|x64
		{C9482E9D-F916-4CFF-B22F-A706F5CDF393}.Android|Mixed Platforms.ActiveCfg = Release|Win32
		{C9482E9D-F916-4CFF-B22F-A706F5CDF393}.Android|Mixed Platforms.Build.0 = Release|Win32
		{C9482E9D-F916-4CFF-B22F-A706F5CDF393}.Android|x64.ActiveCfg = Release|x64
		{C9482E9D-F916-4CFF-B22F-A706F5CDF393}.Android|x64.Build.0 = Release|x64
		{C9482E9D-F916-4CFF-B22F-A706F5CDF393}.Android|x86.ActiveCfg = Release|Win32
		{C9482E9D-F916-4CFF-B22F-A706F5CDF393}.Android|x86.Build.0 = Release|Win32
		{C9482E9D-F916-4CFF-B22F-A706F5CDF393}.Debug|Any CPU.ActiveCfg = Debug|Win32
		{C9482E9D-F916-4CFF-B22F-A706F5CDF393}.Debug|Mixed Platforms.ActiveCfg = Debug|Win32
		{C9482E9D-F916-4CFF-B22F-A706F5CDF393}.Debug|Mixed Platforms.Build.0 = Debug|Win32
		{C9482E9D-F916-4CFF-B22F-A706F5CDF393}.Debug|x64.ActiveCfg = Debug|x64
		{C9482E9D-F916-4CFF-B22F-A706F5CDF393}.Debug|x64.Build.0 = Debug|x64
		{C9482E9D-F916-4CFF-B22F-A706F5CDF393}.Debug|x86.ActiveCfg = Debug|Win32
		{C9482E9D-F916-4CFF-B22F-A706F5CDF393}.Debug|x86.Build.0 = Debug|Win32
		{C9482E9D-F916-4CFF-B22F-A706F5CDF393}.Demo|Any CPU.ActiveCfg = Release|x64
		{C9482E9D-F916-4CFF-B22F-A706F5CDF393}.Demo|Any CPU.Build.0 = Release|x64
		{C9482E9D-F916-4CFF-B22F-A706F5CDF393}.Demo|Mixed Platforms.ActiveCfg = Debug|Win32
		{C9482E9D-F916-4CFF-B22F-A706F5CDF393}.Demo|Mixed Platforms.Build.0 = Debug|Win32
		{C9482E9D-F916-4CFF-B22F-A706F5CDF393}.Demo|x64.ActiveCfg = Debug|x64
		{C9482E9D-F916-4CFF-B22F-A706F5CDF393}.Demo|x64.Build.0 = Debug|x64
		{C9482E9D-F916-4CFF-B22F-A706F5CDF393}.Demo|x86.ActiveCfg = Debug|Win32
		{C9482E9D-F916-4CFF-B22F-A706F5CDF393}.Demo|x86.Build.0 = Debug|Win32
		{C9482E9D-F916-4CFF-B22F-A706F5CDF393}.iOS|Any CPU.ActiveCfg = Release|x64
		{C9482E9D-F916-4CFF-B22F-A706F5CDF393}.iOS|Any CPU.Build.0 = Release|x64
		{C9482E9D-F916-4CFF-B22F-A706F5CDF393}.iOS|Mixed Platforms.ActiveCfg = Release|Win32
		{C9482E9D-F916-4CFF-B22F-A706F5CDF393}.iOS|Mixed Platforms.Build.0 = Release|Win32
		{C9482E9D-F916-4CFF-B22F-A706F5CDF393}.iOS|x64.ActiveCfg = Release|x64
		{C9482E9D-F916-4CFF-B22F-A706F5CDF393}.iOS|x64.Build.0 = Release|x64
		{C9482E9D-F916-4CFF-B22F-A706F5CDF393}.iOS|x86.ActiveCfg = Release|Win32
		{C9482E9D-F916-4CFF-B22F-A706F5CDF393}.iOS|x86.Build.0 = Release|Win32
		{C9482E9D-F916-4CFF-B22F-A706F5CDF393}.Linux|Any CPU.ActiveCfg = Release|x64
		{C9482E9D-F916-4CFF-B22F-A706F5CDF393}.Linux|Any CPU.Build.0 = Release|x64
		{C9482E9D-F916-4CFF-B22F-A706F5CDF393}.Linux|Mixed Platforms.ActiveCfg = Release|Win32
		{C9482E9D-F916-4CFF-B22F-A706F5CDF393}.Linux|Mixed Platforms.Build.0 = Release|Win32
		{C9482E9D-F916-4CFF-B22F-A706F5CDF393}.Linux|x64.ActiveCfg = Release|x64
		{C9482E9D-F916-4CFF-B22F-A706F5CDF393}.Linux|x64.Build.0 = Release|x64
		{C9482E9D-F916-4CFF-B22F-A706F5CDF393}.Linux|x86.ActiveCfg = Release|Win32
		{C9482E9D-F916-4CFF-B22F-A706F5CDF393}.Linux|x86.Build.0 = Release|Win32
		{C9482E9D-F916-4CFF-B22F-A706F5CDF393}.OSX|Any CPU.ActiveCfg = Release|x64
		{C9482E9D-F916-4CFF-B22F-A706F5CDF393}.OSX|Any CPU.Build.0 = Release|x64
		{C9482E9D-F916-4CFF-B22F-A706F5CDF393}.OSX|Mixed Platforms.ActiveCfg = Release|Win32
		{C9482E9D-F916-4CFF-B22F-A706F5CDF393}.OSX|Mixed Platforms.Build.0 = Release|Win32
		{C9482E9D-F916-4CFF-B22F-A706F5CDF393}.OSX|x64.ActiveCfg = Release|x64
		{C9482E9D-F916-4CFF-B22F-A706F5CDF393}.OSX|x64.Build.0 = Release|x64
		{C9482E9D-F916-4CFF-B22F-A706F5CDF393}.OSX|x86.ActiveCfg = Release|Win32
		{C9482E9D-F916-4CFF-B22F-A706F5CDF393}.OSX|x86.Build.0 = Release|Win32
		{C9482E9D-F916-4CFF-B22F-A706F5CDF393}.PSM|Any CPU.ActiveCfg = Release|x64
		{C9482E9D-F916-4CFF-B22F-A706F5CDF393}.PSM|Any CPU.Build.0 = Release|x64
		{C9482E9D-F916-4CFF-B22F-A706F5CDF393}.PSM|Mixed Platforms.ActiveCfg = Release|Win32
		{C9482E9D-F916-4CFF-B22F-A706F5CDF393}.PSM|Mixed Platforms.Build.0 = Release|Win32
		{C9482E9D-F916-4CFF-B22F-A706F5CDF393}.PSM|x64.ActiveCfg = Release|x64
		{C9482E9D-F916-4CFF-B22F-A706F5CDF393}.PSM|x64.Build.0 = Release|x64
		{C9482E9D-F916-4CFF-B22F-A706F5CDF393}.PSM|x86.ActiveCfg = Release|Win32
		{C9482E9D-F916-4CFF-B22F-A706F5CDF393}.PSM|x86.Build.0 = Release|Win32
		{C9482E9D-F916-4CFF-B22F-A706F5CDF393}.Release|Any CPU.ActiveCfg = Release|Win32
		{C9482E9D-F916-4CFF-B22F-A706F5CDF393}.Release|Mixed Platforms.ActiveCfg = Release|Win32
		{C9482E9D-F916-4CFF-B22F-A706F5CDF393}.Release|Mixed Platforms.Build.0 = Release|Win32
		{C9482E9D-F916-4CFF-B22F-A706F5CDF393}.Release|x64.ActiveCfg = Release|x64
		{C9482E9D-F916-4CFF-B22F-A706F5CDF393}.Release|x64.Build.0 = Release|x64
		{C9482E9D-F916-4CFF-B22F-A706F5CDF393}.Release|x86.ActiveCfg = Release|Win32
		{C9482E9D-F916-4CFF-B22F-A706F5CDF393}.Release|x86.Build.0 = Release|Win32
		{C9482E9D-F916-4CFF-B22F-A706F5CDF393}.Windows|Any CPU.ActiveCfg = Release|x64
		{C9482E9D-F916-4CFF-B22F-A706F5CDF393}.Windows|Any CPU.Build.0 = Release|x64
		{C9482E9D-F916-4CFF-B22F-A706F5CDF393}.Windows|Mixed Platforms.ActiveCfg = Release|Win32
		{C9482E9D-F916-4CFF-B22F-A706F5CDF393}.Windows|Mixed Platforms.Build.0 = Release|Win32
		{C9482E9D-F916-4CFF-B22F-A706F5CDF393}.Windows|x64.ActiveCfg = Release|x64
		{C9482E9D-F916-4CFF-B22F-A706F5CDF393}.Windows|x64.Build.0 = Release|x64
		{C9482E9D-F916-4CFF-B22F-A706F5CDF393}.Windows|x86.ActiveCfg = Release|Win32
		{C9482E9D-F916-4CFF-B22F-A706F5CDF393}.Windows|x86.Build.0 = Release|Win32
		{C9482E9D-F916-4CFF-B22F-A706F5CDF393}.Windows8|Any CPU.ActiveCfg = Release|x64
		{C9482E9D-F916-4CFF-B22F-A706F5CDF393}.Windows8|Any CPU.Build.0 = Release|x64
		{C9482E9D-F916-4CFF-B22F-A706F5CDF393}.Windows8|Mixed Platforms.ActiveCfg = Release|Win32
		{C9482E9D-F916-4CFF-B22F-A706F5CDF393}.Windows8|Mixed Platforms.Build.0 = Release|Win32
		{C9482E9D-F916-4CFF-B22F-A706F5CDF393}.Windows8|x64.ActiveCfg = Release|x64
		{C9482E9D-F916-4CFF-B22F-A706F5CDF393}.Windows8|x64.Build.0 = Release|x64
		{C9482E9D-F916-4CFF-B22F-A706F5CDF393}.Windows8|x86.ActiveCfg = Release|Win32
		{C9482E9D-F916-4CFF-B22F-A706F5CDF393}.Windows8|x86.Build.0 = Release|Win32
	EndGlobalSection
	GlobalSection(SolutionProperties) = preSolution
		HideSolutionNode = FALSE
	EndGlobalSection
	GlobalSection(ExtensibilityGlobals) = postSolution
		SolutionGuid = {75750319-6839-4D60-A0FB-D5C35B4DCC15}
	EndGlobalSection
	GlobalSection(Performance) = preSolution
		HasPerformanceSessions = true
	EndGlobalSection
	GlobalSection(Performance) = preSolution
		HasPerformanceSessions = true
	EndGlobalSection
	GlobalSection(Performance) = preSolution
		HasPerformanceSessions = true
	EndGlobalSection
	GlobalSection(Performance) = preSolution
		HasPerformanceSessions = true
	EndGlobalSection
	GlobalSection(Performance) = preSolution
		HasPerformanceSessions = true
	EndGlobalSection
	GlobalSection(Performance) = preSolution
		HasPerformanceSessions = true
	EndGlobalSection
	GlobalSection(Performance) = preSolution
		HasPerformanceSessions = true
	EndGlobalSection
	GlobalSection(Performance) = preSolution
		HasPerformanceSessions = true
	EndGlobalSection
	GlobalSection(Performance) = preSolution
		HasPerformanceSessions = true
	EndGlobalSection
	GlobalSection(Performance) = preSolution
		HasPerformanceSessions = true
	EndGlobalSection
	GlobalSection(Performance) = preSolution
		HasPerformanceSessions = true
	EndGlobalSection
EndGlobal
