
Microsoft Visual Studio Solution File, Format Version 12.00
# Visual Studio 2013
VisualStudioVersion = 12.0.40629.0
MinimumVisualStudioVersion = 10.0.40219.1
Project("{FAE04EC0-301F-11D3-BF4B-00C04F79EFBC}") = "FNA", "FNA\FNA.csproj", "{35253CE1-C864-4CD3-8249-4D1319748E8F}"
EndProject
Project("{FAE04EC0-301F-11D3-BF4B-00C04F79EFBC}") = "DwarfCorpFNA", "DwarfCorp\DwarfCorpXNA\DwarfCorpFNA.csproj", "{76AE20DE-26D9-4841-9F8C-DFE9F5BC2B94}"
EndProject
Project("{FAE04EC0-301F-11D3-BF4B-00C04F79EFBC}") = "LibNoise", "DwarfCorp\LibNoise\LibNoise.csproj", "{031C8CFF-F147-44EA-B7E5-0A5644808A7E}"
EndProject
Project("{FAE04EC0-301F-11D3-BF4B-00C04F79EFBC}") = "FnaGum", "gemgui\Gum\FnaGum.csproj", "{803EFE3A-4DB5-4F86-B212-273350ED9C07}"
EndProject
Global
	GlobalSection(SolutionConfigurationPlatforms) = preSolution
		Debug|Any CPU = Debug|Any CPU
		Debug|x64 = Debug|x64
		Debug|x86 = Debug|x86
		Release|Any CPU = Release|Any CPU
		Release|x64 = Release|x64
		Release|x86 = Release|x86
	EndGlobalSection
	GlobalSection(ProjectConfigurationPlatforms) = postSolution
		{35253CE1-C864-4CD3-8249-4D1319748E8F}.Debug|Any CPU.ActiveCfg = Debug|Any CPU
		{35253CE1-C864-4CD3-8249-4D1319748E8F}.Debug|Any CPU.Build.0 = Debug|Any CPU
		{35253CE1-C864-4CD3-8249-4D1319748E8F}.Debug|x64.ActiveCfg = Debug|x64
		{35253CE1-C864-4CD3-8249-4D1319748E8F}.Debug|x64.Build.0 = Debug|x64
		{35253CE1-C864-4CD3-8249-4D1319748E8F}.Debug|x86.ActiveCfg = Debug|x86
		{35253CE1-C864-4CD3-8249-4D1319748E8F}.Debug|x86.Build.0 = Debug|x86
		{35253CE1-C864-4CD3-8249-4D1319748E8F}.Release|Any CPU.ActiveCfg = Release|Any CPU
		{35253CE1-C864-4CD3-8249-4D1319748E8F}.Release|Any CPU.Build.0 = Release|Any CPU
		{35253CE1-C864-4CD3-8249-4D1319748E8F}.Release|x64.ActiveCfg = Release|x64
		{35253CE1-C864-4CD3-8249-4D1319748E8F}.Release|x64.Build.0 = Release|x64
		{35253CE1-C864-4CD3-8249-4D1319748E8F}.Release|x86.ActiveCfg = Release|x86
		{35253CE1-C864-4CD3-8249-4D1319748E8F}.Release|x86.Build.0 = Release|x86
		{76AE20DE-26D9-4841-9F8C-DFE9F5BC2B94}.Debug|Any CPU.ActiveCfg = Debug|Any CPU
		{76AE20DE-26D9-4841-9F8C-DFE9F5BC2B94}.Debug|Any CPU.Build.0 = Debug|Any CPU
		{76AE20DE-26D9-4841-9F8C-DFE9F5BC2B94}.Debug|x64.ActiveCfg = Debug|Any CPU
		{76AE20DE-26D9-4841-9F8C-DFE9F5BC2B94}.Debug|x86.ActiveCfg = Debug|Any CPU
		{76AE20DE-26D9-4841-9F8C-DFE9F5BC2B94}.Release|Any CPU.ActiveCfg = Release|Any CPU
		{76AE20DE-26D9-4841-9F8C-DFE9F5BC2B94}.Release|Any CPU.Build.0 = Release|Any CPU
		{76AE20DE-26D9-4841-9F8C-DFE9F5BC2B94}.Release|x64.ActiveCfg = Release|Any CPU
		{76AE20DE-26D9-4841-9F8C-DFE9F5BC2B94}.Release|x86.ActiveCfg = Release|Any CPU
		{031C8CFF-F147-44EA-B7E5-0A5644808A7E}.Debug|Any CPU.ActiveCfg = Debug|Any CPU
		{031C8CFF-F147-44EA-B7E5-0A5644808A7E}.Debug|Any CPU.Build.0 = Debug|Any CPU
		{031C8CFF-F147-44EA-B7E5-0A5644808A7E}.Debug|x64.ActiveCfg = Debug|Any CPU
		{031C8CFF-F147-44EA-B7E5-0A5644808A7E}.Debug|x86.ActiveCfg = Debug|Any CPU
		{031C8CFF-F147-44EA-B7E5-0A5644808A7E}.Release|Any CPU.ActiveCfg = Release|Any CPU
		{031C8CFF-F147-44EA-B7E5-0A5644808A7E}.Release|Any CPU.Build.0 = Release|Any CPU
		{031C8CFF-F147-44EA-B7E5-0A5644808A7E}.Release|x64.ActiveCfg = Release|Any CPU
		{031C8CFF-F147-44EA-B7E5-0A5644808A7E}.Release|x86.ActiveCfg = Release|Any CPU
		{803EFE3A-4DB5-4F86-B212-273350ED9C07}.Debug|Any CPU.ActiveCfg = Debug|Any CPU
		{803EFE3A-4DB5-4F86-B212-273350ED9C07}.Debug|Any CPU.Build.0 = Debug|Any CPU
		{803EFE3A-4DB5-4F86-B212-273350ED9C07}.Debug|x64.ActiveCfg = Debug|Any CPU
		{803EFE3A-4DB5-4F86-B212-273350ED9C07}.Debug|x86.ActiveCfg = Debug|Any CPU
		{803EFE3A-4DB5-4F86-B212-273350ED9C07}.Release|Any CPU.ActiveCfg = Release|Any CPU
		{803EFE3A-4DB5-4F86-B212-273350ED9C07}.Release|Any CPU.Build.0 = Release|Any CPU
		{803EFE3A-4DB5-4F86-B212-273350ED9C07}.Release|x64.ActiveCfg = Release|Any CPU
		{803EFE3A-4DB5-4F86-B212-273350ED9C07}.Release|x86.ActiveCfg = Release|Any CPU
	EndGlobalSection
	GlobalSection(SolutionProperties) = preSolution
		HideSolutionNode = FALSE
	EndGlobalSection
EndGlobal
